
Microsoft Visual Studio Solution File, Format Version 12.00
# Visual Studio Version 16
VisualStudioVersion = 16.0.32428.217
MinimumVisualStudioVersion = 10.0.40219.1
Project("{C9674DCB-5085-4A16-B785-4C70DD1589BD}") = "question3", "question3.dtproj", "{DF7F0538-FC31-4775-9AFB-83D072336344}"
EndProject
Global
	GlobalSection(SolutionConfigurationPlatforms) = preSolution
		Development|Default = Development|Default
	EndGlobalSection
	GlobalSection(ProjectConfigurationPlatforms) = postSolution
		{DF7F0538-FC31-4775-9AFB-83D072336344}.Development|Default.ActiveCfg = Development
		{DF7F0538-FC31-4775-9AFB-83D072336344}.Development|Default.Build.0 = Development
	EndGlobalSection
	GlobalSection(SolutionProperties) = preSolution
		HideSolutionNode = FALSE
	EndGlobalSection
	GlobalSection(ExtensibilityGlobals) = postSolution
		SolutionGuid = {C44CFD5B-29E1-4FBA-9A70-22E256EE78FB}
	EndGlobalSection
EndGlobal
